<?xml version="1.0" encoding="utf-8"?>
<Project ToolsVersion="4.0" xmlns="http://schemas.microsoft.com/developer/msbuild/2003">
  <ItemGroup>
    <Filter Include="Source Files">
      <UniqueIdentifier>{4FC737F1-C7A5-4376-A066-2A32D752A2FF}</UniqueIdentifier>
      <Extensions>cpp;c;cc;cxx;def;odl;idl;hpj;bat;asm;asmx</Extensions>
    </Filter>
    <Filter Include="Header Files">
      <UniqueIdentifier>{93995380-89BD-4b04-88EB-625FBE52EBFB}</UniqueIdentifier>
      <Extensions>h;hh;hpp;hxx;hm;inl;inc;xsd</Extensions>
    </Filter>
    <Filter Include="Resource Files">
      <UniqueIdentifier>{67DA6AB6-F800-4c08-8B7A-83BB121AAD01}</UniqueIdentifier>
      <Extensions>rc;ico;cur;bmp;dlg;rc2;rct;bin;rgs;gif;jpg;jpeg;jpe;resx;tiff;tif;png;wav;mfcribbon-ms</Extensions>
    </Filter>
    <Filter Include="Source Files\mnist">
      <UniqueIdentifier>{6ca81be9-88d1-45d5-8955-3cf20b78a634}</UniqueIdentifier>
    </Filter>
    <Filter Include="Source Files\common">
      <UniqueIdentifier>{1548bc69-8d84-4970-b25b-cf99d8f5ab91}</UniqueIdentifier>
    </Filter>
  </ItemGroup>
  <ItemGroup>
    <ClCompile Include="..\..\examples\mnist\mnist_data_loader.cpp">
      <Filter>Source Files\mnist</Filter>
    </ClCompile>
    <ClCompile Include="..\..\examples\mnist\mnist_train_test.cpp">
      <Filter>Source Files\mnist</Filter>
    </ClCompile>
    <ClCompile Include="..\..\examples\main.cpp">
      <Filter>Source Files</Filter>
    </ClCompile>
    <ClCompile Include="..\..\examples\common\utils.cpp">
      <Filter>Source Files\common</Filter>
    </ClCompile>
  </ItemGroup>
  <ItemGroup>
    <ClInclude Include="..\..\examples\mnist\mnist_data_loader.h">
      <Filter>Source Files\mnist</Filter>
    </ClInclude>
    <ClInclude Include="..\..\examples\common\dirent.h">
      <Filter>Source Files\common</Filter>
    </ClInclude>
    <ClInclude Include="..\..\examples\common\utils.h">
      <Filter>Source Files\common</Filter>
    </ClInclude>
  </ItemGroup>
</Project>